// !$*UTF8*$!
{
	archiveVersion = 1;
	classes = {
	};
	objectVersion = 46;
	objects = {

/* Begin PBXBuildFile section */
		12947E6505AB76EFBCFC9C85 /* Pods_teste_ios.framework in Frameworks */ = {isa = PBXBuildFile; fileRef = 9894A8ADAA510D7C20725B98 /* Pods_teste_ios.framework */; };
		B65C619F1E622A1500A65F3A /* GlobalTabViewController.swift in Sources */ = {isa = PBXBuildFile; fileRef = B65C619E1E622A1500A65F3A /* GlobalTabViewController.swift */; };
		B65C61A11E62300700A65F3A /* ico_mensagem_menu@2x.png in Resources */ = {isa = PBXBuildFile; fileRef = B65C61A01E62300700A65F3A /* ico_mensagem_menu@2x.png */; };
		B65C61A31E626D5500A65F3A /* CustomButton.swift in Sources */ = {isa = PBXBuildFile; fileRef = B65C61A21E626D5500A65F3A /* CustomButton.swift */; };
		B65C61A61E635CCC00A65F3A /* MessageCell.swift in Sources */ = {isa = PBXBuildFile; fileRef = B65C61A51E635CCC00A65F3A /* MessageCell.swift */; };
		B661349B1E5E695C00C52BCA /* AppDelegate.swift in Sources */ = {isa = PBXBuildFile; fileRef = B661349A1E5E695C00C52BCA /* AppDelegate.swift */; };
		B661349D1E5E695C00C52BCA /* FirstViewController.swift in Sources */ = {isa = PBXBuildFile; fileRef = B661349C1E5E695C00C52BCA /* FirstViewController.swift */; };
		B661349F1E5E695C00C52BCA /* SecondViewController.swift in Sources */ = {isa = PBXBuildFile; fileRef = B661349E1E5E695C00C52BCA /* SecondViewController.swift */; };
		B66134A21E5E695C00C52BCA /* Main.storyboard in Resources */ = {isa = PBXBuildFile; fileRef = B66134A01E5E695C00C52BCA /* Main.storyboard */; };
		B66134A41E5E695C00C52BCA /* Assets.xcassets in Resources */ = {isa = PBXBuildFile; fileRef = B66134A31E5E695C00C52BCA /* Assets.xcassets */; };
		B66134A71E5E695C00C52BCA /* LaunchScreen.storyboard in Resources */ = {isa = PBXBuildFile; fileRef = B66134A51E5E695C00C52BCA /* LaunchScreen.storyboard */; };
		B66134C21E5E7A9D00C52BCA /* ico_alert.png in Resources */ = {isa = PBXBuildFile; fileRef = B66134BE1E5E7A9D00C52BCA /* ico_alert.png */; };
		B66134C31E5E7A9D00C52BCA /* ico_lupa.png in Resources */ = {isa = PBXBuildFile; fileRef = B66134BF1E5E7A9D00C52BCA /* ico_lupa.png */; };
		B66134C41E5E7A9D00C52BCA /* menu in Resources */ = {isa = PBXBuildFile; fileRef = B66134C01E5E7A9D00C52BCA /* menu */; };
		B6785B461E61146B00E11CA9 /* TableViewController.swift in Sources */ = {isa = PBXBuildFile; fileRef = B6785B451E61146B00E11CA9 /* TableViewController.swift */; };
		B6785B481E6119BC00E11CA9 /* MenuTableViewController.swift in Sources */ = {isa = PBXBuildFile; fileRef = B6785B471E6119BC00E11CA9 /* MenuTableViewController.swift */; };
		B6785B511E611CAB00E11CA9 /* ico_afiliados.png in Resources */ = {isa = PBXBuildFile; fileRef = B6785B491E611CAB00E11CA9 /* ico_afiliados.png */; };
		B6785B521E611CAB00E11CA9 /* ico_dashboard.png in Resources */ = {isa = PBXBuildFile; fileRef = B6785B4A1E611CAB00E11CA9 /* ico_dashboard.png */; };
		B6785B531E611CAB00E11CA9 /* ico_mensagem.png in Resources */ = {isa = PBXBuildFile; fileRef = B6785B4B1E611CAB00E11CA9 /* ico_mensagem.png */; };
		B6785B541E611CAB00E11CA9 /* ico_meus_produtos.png in Resources */ = {isa = PBXBuildFile; fileRef = B6785B4C1E611CAB00E11CA9 /* ico_meus_produtos.png */; };
		B6785B551E611CAB00E11CA9 /* ico_minha_conta.png in Resources */ = {isa = PBXBuildFile; fileRef = B6785B4D1E611CAB00E11CA9 /* ico_minha_conta.png */; };
		B6785B561E611CAB00E11CA9 /* ico_minhas_vendas.png in Resources */ = {isa = PBXBuildFile; fileRef = B6785B4E1E611CAB00E11CA9 /* ico_minhas_vendas.png */; };
		B6785B571E611CAB00E11CA9 /* ico_notificacoes.png in Resources */ = {isa = PBXBuildFile; fileRef = B6785B4F1E611CAB00E11CA9 /* ico_notificacoes.png */; };
		B6785B581E611CAB00E11CA9 /* ico_sobre_o_app.png in Resources */ = {isa = PBXBuildFile; fileRef = B6785B501E611CAB00E11CA9 /* ico_sobre_o_app.png */; };
		B6B4318B1E5F1D8900D53311 /* SWRevealViewController.m in Sources */ = {isa = PBXBuildFile; fileRef = B6B4318A1E5F1D8900D53311 /* SWRevealViewController.m */; };
/* End PBXBuildFile section */

/* Begin PBXFileReference section */
		37DE611AF4287E0C99CA3DD4 /* Pods-teste_ios.debug.xcconfig */ = {isa = PBXFileReference; includeInIndex = 1; lastKnownFileType = text.xcconfig; name = "Pods-teste_ios.debug.xcconfig"; path = "Pods/Target Support Files/Pods-teste_ios/Pods-teste_ios.debug.xcconfig"; sourceTree = "<group>"; };
		47D04A1481D0BAAF7A8C1F29 /* Pods-teste_ios.release.xcconfig */ = {isa = PBXFileReference; includeInIndex = 1; lastKnownFileType = text.xcconfig; name = "Pods-teste_ios.release.xcconfig"; path = "Pods/Target Support Files/Pods-teste_ios/Pods-teste_ios.release.xcconfig"; sourceTree = "<group>"; };
		9894A8ADAA510D7C20725B98 /* Pods_teste_ios.framework */ = {isa = PBXFileReference; explicitFileType = wrapper.framework; includeInIndex = 0; path = Pods_teste_ios.framework; sourceTree = BUILT_PRODUCTS_DIR; };
		B65C619E1E622A1500A65F3A /* GlobalTabViewController.swift */ = {isa = PBXFileReference; fileEncoding = 4; lastKnownFileType = sourcecode.swift; path = GlobalTabViewController.swift; sourceTree = "<group>"; };
		B65C61A01E62300700A65F3A /* ico_mensagem_menu@2x.png */ = {isa = PBXFileReference; lastKnownFileType = image.png; name = "ico_mensagem_menu@2x.png"; path = "teste_ios/barra_inferior/ico_mensagem_menu@2x.png"; sourceTree = "<group>"; };
		B65C61A21E626D5500A65F3A /* CustomButton.swift */ = {isa = PBXFileReference; fileEncoding = 4; lastKnownFileType = sourcecode.swift; path = CustomButton.swift; sourceTree = "<group>"; };
		B65C61A51E635CCC00A65F3A /* MessageCell.swift */ = {isa = PBXFileReference; fileEncoding = 4; lastKnownFileType = sourcecode.swift; path = MessageCell.swift; sourceTree = "<group>"; };
		B66134971E5E695C00C52BCA /* teste_ios.app */ = {isa = PBXFileReference; explicitFileType = wrapper.application; includeInIndex = 0; path = teste_ios.app; sourceTree = BUILT_PRODUCTS_DIR; };
		B661349A1E5E695C00C52BCA /* AppDelegate.swift */ = {isa = PBXFileReference; lastKnownFileType = sourcecode.swift; path = AppDelegate.swift; sourceTree = "<group>"; };
		B661349C1E5E695C00C52BCA /* FirstViewController.swift */ = {isa = PBXFileReference; lastKnownFileType = sourcecode.swift; path = FirstViewController.swift; sourceTree = "<group>"; };
		B661349E1E5E695C00C52BCA /* SecondViewController.swift */ = {isa = PBXFileReference; lastKnownFileType = sourcecode.swift; path = SecondViewController.swift; sourceTree = "<group>"; };
		B66134A11E5E695C00C52BCA /* Base */ = {isa = PBXFileReference; lastKnownFileType = file.storyboard; name = Base; path = Base.lproj/Main.storyboard; sourceTree = "<group>"; };
		B66134A31E5E695C00C52BCA /* Assets.xcassets */ = {isa = PBXFileReference; lastKnownFileType = folder.assetcatalog; path = Assets.xcassets; sourceTree = "<group>"; };
		B66134A61E5E695C00C52BCA /* Base */ = {isa = PBXFileReference; lastKnownFileType = file.storyboard; name = Base; path = Base.lproj/LaunchScreen.storyboard; sourceTree = "<group>"; };
		B66134A81E5E695C00C52BCA /* Info.plist */ = {isa = PBXFileReference; lastKnownFileType = text.plist.xml; path = Info.plist; sourceTree = "<group>"; };
		B66134BE1E5E7A9D00C52BCA /* ico_alert.png */ = {isa = PBXFileReference; lastKnownFileType = image.png; name = ico_alert.png; path = teste_ios/ico_alert.png; sourceTree = "<group>"; };
		B66134BF1E5E7A9D00C52BCA /* ico_lupa.png */ = {isa = PBXFileReference; lastKnownFileType = image.png; name = ico_lupa.png; path = teste_ios/ico_lupa.png; sourceTree = "<group>"; };
		B66134C01E5E7A9D00C52BCA /* menu */ = {isa = PBXFileReference; lastKnownFileType = folder; name = menu; path = teste_ios/menu; sourceTree = "<group>"; };
		B6785B451E61146B00E11CA9 /* TableViewController.swift */ = {isa = PBXFileReference; fileEncoding = 4; lastKnownFileType = sourcecode.swift; path = TableViewController.swift; sourceTree = "<group>"; };
		B6785B471E6119BC00E11CA9 /* MenuTableViewController.swift */ = {isa = PBXFileReference; fileEncoding = 4; lastKnownFileType = sourcecode.swift; path = MenuTableViewController.swift; sourceTree = "<group>"; };
		B6785B491E611CAB00E11CA9 /* ico_afiliados.png */ = {isa = PBXFileReference; lastKnownFileType = image.png; name = ico_afiliados.png; path = teste_ios/menu/ico_afiliados.png; sourceTree = "<group>"; };
		B6785B4A1E611CAB00E11CA9 /* ico_dashboard.png */ = {isa = PBXFileReference; lastKnownFileType = image.png; name = ico_dashboard.png; path = teste_ios/menu/ico_dashboard.png; sourceTree = "<group>"; };
		B6785B4B1E611CAB00E11CA9 /* ico_mensagem.png */ = {isa = PBXFileReference; lastKnownFileType = image.png; name = ico_mensagem.png; path = teste_ios/menu/ico_mensagem.png; sourceTree = "<group>"; };
		B6785B4C1E611CAB00E11CA9 /* ico_meus_produtos.png */ = {isa = PBXFileReference; lastKnownFileType = image.png; name = ico_meus_produtos.png; path = teste_ios/menu/ico_meus_produtos.png; sourceTree = "<group>"; };
		B6785B4D1E611CAB00E11CA9 /* ico_minha_conta.png */ = {isa = PBXFileReference; lastKnownFileType = image.png; name = ico_minha_conta.png; path = teste_ios/menu/ico_minha_conta.png; sourceTree = "<group>"; };
		B6785B4E1E611CAB00E11CA9 /* ico_minhas_vendas.png */ = {isa = PBXFileReference; lastKnownFileType = image.png; name = ico_minhas_vendas.png; path = teste_ios/menu/ico_minhas_vendas.png; sourceTree = "<group>"; };
		B6785B4F1E611CAB00E11CA9 /* ico_notificacoes.png */ = {isa = PBXFileReference; lastKnownFileType = image.png; name = ico_notificacoes.png; path = teste_ios/menu/ico_notificacoes.png; sourceTree = "<group>"; };
		B6785B501E611CAB00E11CA9 /* ico_sobre_o_app.png */ = {isa = PBXFileReference; lastKnownFileType = image.png; name = ico_sobre_o_app.png; path = teste_ios/menu/ico_sobre_o_app.png; sourceTree = "<group>"; };
		B6B431881E5F1D8800D53311 /* teste_ios-Bridging-Header.h */ = {isa = PBXFileReference; lastKnownFileType = sourcecode.c.h; path = "teste_ios-Bridging-Header.h"; sourceTree = "<group>"; };
		B6B431891E5F1D8900D53311 /* SWRevealViewController.h */ = {isa = PBXFileReference; fileEncoding = 4; lastKnownFileType = sourcecode.c.h; name = SWRevealViewController.h; path = teste_ios/SWRevealViewController.h; sourceTree = "<group>"; };
		B6B4318A1E5F1D8900D53311 /* SWRevealViewController.m */ = {isa = PBXFileReference; fileEncoding = 4; lastKnownFileType = sourcecode.c.objc; name = SWRevealViewController.m; path = teste_ios/SWRevealViewController.m; sourceTree = "<group>"; };
/* End PBXFileReference section */

/* Begin PBXFrameworksBuildPhase section */
		B66134941E5E695C00C52BCA /* Frameworks */ = {
			isa = PBXFrameworksBuildPhase;
			buildActionMask = 2147483647;
			files = (
				12947E6505AB76EFBCFC9C85 /* Pods_teste_ios.framework in Frameworks */,
			);
			runOnlyForDeploymentPostprocessing = 0;
		};
/* End PBXFrameworksBuildPhase section */

/* Begin PBXGroup section */
		9F5D947AC2DC19BE1C8B6E90 /* Frameworks */ = {
			isa = PBXGroup;
			children = (
				9894A8ADAA510D7C20725B98 /* Pods_teste_ios.framework */,
			);
			name = Frameworks;
			sourceTree = "<group>";
		};
		B65C61A41E635C9D00A65F3A /* Custom Components */ = {
			isa = PBXGroup;
			children = (
				B65C61A21E626D5500A65F3A /* CustomButton.swift */,
				B65C61A51E635CCC00A65F3A /* MessageCell.swift */,
			);
			name = "Custom Components";
			sourceTree = "<group>";
		};
		B661348E1E5E695B00C52BCA = {
			isa = PBXGroup;
			children = (
				B6B431871E5F1D6800D53311 /* Lib */,
				B66134AE1E5E780400C52BCA /* Assets */,
				B66134991E5E695C00C52BCA /* teste_ios */,
				B66134981E5E695C00C52BCA /* Products */,
				DF3A6410193859CB1A9681FB /* Pods */,
				9F5D947AC2DC19BE1C8B6E90 /* Frameworks */,
			);
			sourceTree = "<group>";
		};
		B66134981E5E695C00C52BCA /* Products */ = {
			isa = PBXGroup;
			children = (
				B66134971E5E695C00C52BCA /* teste_ios.app */,
			);
			name = Products;
			sourceTree = "<group>";
		};
		B66134991E5E695C00C52BCA /* teste_ios */ = {
			isa = PBXGroup;
			children = (
				B661349A1E5E695C00C52BCA /* AppDelegate.swift */,
				B6785B421E610D1100E11CA9 /* Views */,
				B66134A01E5E695C00C52BCA /* Main.storyboard */,
				B66134A31E5E695C00C52BCA /* Assets.xcassets */,
				B66134A51E5E695C00C52BCA /* LaunchScreen.storyboard */,
				B66134A81E5E695C00C52BCA /* Info.plist */,
				B6785B451E61146B00E11CA9 /* TableViewController.swift */,
				B65C61A41E635C9D00A65F3A /* Custom Components */,
			);
			path = teste_ios;
			sourceTree = "<group>";
		};
		B66134AE1E5E780400C52BCA /* Assets */ = {
			isa = PBXGroup;
			children = (
				B66134B81E5E7A6A00C52BCA /* Images */,
			);
			name = Assets;
			sourceTree = "<group>";
		};
		B66134B81E5E7A6A00C52BCA /* Images */ = {
			isa = PBXGroup;
			children = (
				B65C61A01E62300700A65F3A /* ico_mensagem_menu@2x.png */,
				B6785B491E611CAB00E11CA9 /* ico_afiliados.png */,
				B6785B4A1E611CAB00E11CA9 /* ico_dashboard.png */,
				B6785B4B1E611CAB00E11CA9 /* ico_mensagem.png */,
				B6785B4C1E611CAB00E11CA9 /* ico_meus_produtos.png */,
				B6785B4D1E611CAB00E11CA9 /* ico_minha_conta.png */,
				B6785B4E1E611CAB00E11CA9 /* ico_minhas_vendas.png */,
				B6785B4F1E611CAB00E11CA9 /* ico_notificacoes.png */,
				B6785B501E611CAB00E11CA9 /* ico_sobre_o_app.png */,
				B66134BE1E5E7A9D00C52BCA /* ico_alert.png */,
				B66134BF1E5E7A9D00C52BCA /* ico_lupa.png */,
				B66134C01E5E7A9D00C52BCA /* menu */,
			);
			name = Images;
			sourceTree = "<group>";
		};
		B6785B421E610D1100E11CA9 /* Views */ = {
			isa = PBXGroup;
			children = (
				B661349C1E5E695C00C52BCA /* FirstViewController.swift */,
				B661349E1E5E695C00C52BCA /* SecondViewController.swift */,
				B6785B471E6119BC00E11CA9 /* MenuTableViewController.swift */,
				B65C619E1E622A1500A65F3A /* GlobalTabViewController.swift */,
			);
			name = Views;
			sourceTree = "<group>";
		};
		B6B431871E5F1D6800D53311 /* Lib */ = {
			isa = PBXGroup;
			children = (
				B6B431891E5F1D8900D53311 /* SWRevealViewController.h */,
				B6B4318A1E5F1D8900D53311 /* SWRevealViewController.m */,
				B6B431881E5F1D8800D53311 /* teste_ios-Bridging-Header.h */,
			);
			name = Lib;
			sourceTree = "<group>";
		};
		DF3A6410193859CB1A9681FB /* Pods */ = {
			isa = PBXGroup;
			children = (
				37DE611AF4287E0C99CA3DD4 /* Pods-teste_ios.debug.xcconfig */,
				47D04A1481D0BAAF7A8C1F29 /* Pods-teste_ios.release.xcconfig */,
			);
			name = Pods;
			sourceTree = "<group>";
		};
/* End PBXGroup section */

/* Begin PBXNativeTarget section */
		B66134961E5E695C00C52BCA /* teste_ios */ = {
			isa = PBXNativeTarget;
			buildConfigurationList = B66134AB1E5E695C00C52BCA /* Build configuration list for PBXNativeTarget "teste_ios" */;
			buildPhases = (
				DF16958F6BB73251B8E5CECC /* [CP] Check Pods Manifest.lock */,
				B66134931E5E695C00C52BCA /* Sources */,
				B66134941E5E695C00C52BCA /* Frameworks */,
				B66134951E5E695C00C52BCA /* Resources */,
				62BDF0A624FD941730C78735 /* [CP] Embed Pods Frameworks */,
				84DCBE842081811102C77954 /* [CP] Copy Pods Resources */,
			);
			buildRules = (
			);
			dependencies = (
			);
			name = teste_ios;
			productName = teste_ios;
			productReference = B66134971E5E695C00C52BCA /* teste_ios.app */;
			productType = "com.apple.product-type.application";
		};
/* End PBXNativeTarget section */

/* Begin PBXProject section */
		B661348F1E5E695B00C52BCA /* Project object */ = {
			isa = PBXProject;
			attributes = {
				LastSwiftUpdateCheck = 0820;
				LastUpgradeCheck = 0820;
				ORGANIZATIONNAME = frednovack;
				TargetAttributes = {
					B66134961E5E695C00C52BCA = {
						CreatedOnToolsVersion = 8.2.1;
						DevelopmentTeam = V7CGV4HW42;
						LastSwiftMigration = 0820;
						ProvisioningStyle = Automatic;
					};
				};
			};
			buildConfigurationList = B66134921E5E695B00C52BCA /* Build configuration list for PBXProject "teste_ios" */;
			compatibilityVersion = "Xcode 3.2";
			developmentRegion = English;
			hasScannedForEncodings = 0;
			knownRegions = (
				en,
				Base,
			);
			mainGroup = B661348E1E5E695B00C52BCA;
			productRefGroup = B66134981E5E695C00C52BCA /* Products */;
			projectDirPath = "";
			projectRoot = "";
			targets = (
				B66134961E5E695C00C52BCA /* teste_ios */,
			);
		};
/* End PBXProject section */

/* Begin PBXResourcesBuildPhase section */
		B66134951E5E695C00C52BCA /* Resources */ = {
			isa = PBXResourcesBuildPhase;
			buildActionMask = 2147483647;
			files = (
				B66134C21E5E7A9D00C52BCA /* ico_alert.png in Resources */,
				B66134C31E5E7A9D00C52BCA /* ico_lupa.png in Resources */,
				B6785B581E611CAB00E11CA9 /* ico_sobre_o_app.png in Resources */,
				B6785B511E611CAB00E11CA9 /* ico_afiliados.png in Resources */,
				B66134A71E5E695C00C52BCA /* LaunchScreen.storyboard in Resources */,
				B66134A41E5E695C00C52BCA /* Assets.xcassets in Resources */,
				B6785B541E611CAB00E11CA9 /* ico_meus_produtos.png in Resources */,
				B6785B571E611CAB00E11CA9 /* ico_notificacoes.png in Resources */,
				B66134A21E5E695C00C52BCA /* Main.storyboard in Resources */,
				B6785B531E611CAB00E11CA9 /* ico_mensagem.png in Resources */,
				B6785B551E611CAB00E11CA9 /* ico_minha_conta.png in Resources */,
				B65C61A11E62300700A65F3A /* ico_mensagem_menu@2x.png in Resources */,
				B6785B521E611CAB00E11CA9 /* ico_dashboard.png in Resources */,
				B66134C41E5E7A9D00C52BCA /* menu in Resources */,
				B6785B561E611CAB00E11CA9 /* ico_minhas_vendas.png in Resources */,
			);
			runOnlyForDeploymentPostprocessing = 0;
		};
/* End PBXResourcesBuildPhase section */

/* Begin PBXShellScriptBuildPhase section */
		62BDF0A624FD941730C78735 /* [CP] Embed Pods Frameworks */ = {
			isa = PBXShellScriptBuildPhase;
			buildActionMask = 2147483647;
			files = (
			);
			inputPaths = (
			);
			name = "[CP] Embed Pods Frameworks";
			outputPaths = (
			);
			runOnlyForDeploymentPostprocessing = 0;
			shellPath = /bin/sh;
			shellScript = "\"${SRCROOT}/Pods/Target Support Files/Pods-teste_ios/Pods-teste_ios-frameworks.sh\"\n";
			showEnvVarsInLog = 0;
		};
		84DCBE842081811102C77954 /* [CP] Copy Pods Resources */ = {
			isa = PBXShellScriptBuildPhase;
			buildActionMask = 2147483647;
			files = (
			);
			inputPaths = (
			);
			name = "[CP] Copy Pods Resources";
			outputPaths = (
			);
			runOnlyForDeploymentPostprocessing = 0;
			shellPath = /bin/sh;
			shellScript = "\"${SRCROOT}/Pods/Target Support Files/Pods-teste_ios/Pods-teste_ios-resources.sh\"\n";
			showEnvVarsInLog = 0;
		};
		DF16958F6BB73251B8E5CECC /* [CP] Check Pods Manifest.lock */ = {
			isa = PBXShellScriptBuildPhase;
			buildActionMask = 2147483647;
			files = (
			);
			inputPaths = (
			);
			name = "[CP] Check Pods Manifest.lock";
			outputPaths = (
			);
			runOnlyForDeploymentPostprocessing = 0;
			shellPath = /bin/sh;
			shellScript = "diff \"${PODS_ROOT}/../Podfile.lock\" \"${PODS_ROOT}/Manifest.lock\" > /dev/null\nif [ $? != 0 ] ; then\n    # print error to STDERR\n    echo \"error: The sandbox is not in sync with the Podfile.lock. Run 'pod install' or update your CocoaPods installation.\" >&2\n    exit 1\nfi\n";
			showEnvVarsInLog = 0;
		};
/* End PBXShellScriptBuildPhase section */

/* Begin PBXSourcesBuildPhase section */
		B66134931E5E695C00C52BCA /* Sources */ = {
			isa = PBXSourcesBuildPhase;
			buildActionMask = 2147483647;
			files = (
				B661349F1E5E695C00C52BCA /* SecondViewController.swift in Sources */,
				B6785B461E61146B00E11CA9 /* TableViewController.swift in Sources */,
				B6785B481E6119BC00E11CA9 /* MenuTableViewController.swift in Sources */,
				B661349B1E5E695C00C52BCA /* AppDelegate.swift in Sources */,
				B65C61A31E626D5500A65F3A /* CustomButton.swift in Sources */,
				B661349D1E5E695C00C52BCA /* FirstViewController.swift in Sources */,
				B6B4318B1E5F1D8900D53311 /* SWRevealViewController.m in Sources */,
				B65C619F1E622A1500A65F3A /* GlobalTabViewController.swift in Sources */,
				B65C61A61E635CCC00A65F3A /* MessageCell.swift in Sources */,
			);
			runOnlyForDeploymentPostprocessing = 0;
		};
/* End PBXSourcesBuildPhase section */

/* Begin PBXVariantGroup section */
		B66134A01E5E695C00C52BCA /* Main.storyboard */ = {
			isa = PBXVariantGroup;
			children = (
				B66134A11E5E695C00C52BCA /* Base */,
			);
			name = Main.storyboard;
			sourceTree = "<group>";
		};
		B66134A51E5E695C00C52BCA /* LaunchScreen.storyboard */ = {
			isa = PBXVariantGroup;
			children = (
				B66134A61E5E695C00C52BCA /* Base */,
			);
			name = LaunchScreen.storyboard;
			sourceTree = "<group>";
		};
/* End PBXVariantGroup section */

/* Begin XCBuildConfiguration section */
		B66134A91E5E695C00C52BCA /* Debug */ = {
			isa = XCBuildConfiguration;
			buildSettings = {
				ALWAYS_SEARCH_USER_PATHS = NO;
				CLANG_ANALYZER_NONNULL = YES;
				CLANG_CXX_LANGUAGE_STANDARD = "gnu++0x";
				CLANG_CXX_LIBRARY = "libc++";
				CLANG_ENABLE_MODULES = YES;
				CLANG_ENABLE_OBJC_ARC = YES;
				CLANG_WARN_BOOL_CONVERSION = YES;
				CLANG_WARN_CONSTANT_CONVERSION = YES;
				CLANG_WARN_DIRECT_OBJC_ISA_USAGE = YES_ERROR;
				CLANG_WARN_DOCUMENTATION_COMMENTS = YES;
				CLANG_WARN_EMPTY_BODY = YES;
				CLANG_WARN_ENUM_CONVERSION = YES;
				CLANG_WARN_INFINITE_RECURSION = YES;
				CLANG_WARN_INT_CONVERSION = YES;
				CLANG_WARN_OBJC_ROOT_CLASS = YES_ERROR;
				CLANG_WARN_SUSPICIOUS_MOVE = YES;
				CLANG_WARN_UNREACHABLE_CODE = YES;
				CLANG_WARN__DUPLICATE_METHOD_MATCH = YES;
				"CODE_SIGN_IDENTITY[sdk=iphoneos*]" = "iPhone Developer";
				COPY_PHASE_STRIP = NO;
				DEBUG_INFORMATION_FORMAT = dwarf;
				ENABLE_STRICT_OBJC_MSGSEND = YES;
				ENABLE_TESTABILITY = YES;
				GCC_C_LANGUAGE_STANDARD = gnu99;
				GCC_DYNAMIC_NO_PIC = NO;
				GCC_NO_COMMON_BLOCKS = YES;
				GCC_OPTIMIZATION_LEVEL = 0;
				GCC_PREPROCESSOR_DEFINITIONS = (
					"DEBUG=1",
					"$(inherited)",
				);
				GCC_WARN_64_TO_32_BIT_CONVERSION = YES;
				GCC_WARN_ABOUT_RETURN_TYPE = YES_ERROR;
				GCC_WARN_UNDECLARED_SELECTOR = YES;
				GCC_WARN_UNINITIALIZED_AUTOS = YES_AGGRESSIVE;
				GCC_WARN_UNUSED_FUNCTION = YES;
				GCC_WARN_UNUSED_VARIABLE = YES;
				IPHONEOS_DEPLOYMENT_TARGET = 10.2;
				MTL_ENABLE_DEBUG_INFO = YES;
				ONLY_ACTIVE_ARCH = YES;
				SDKROOT = iphoneos;
				SWIFT_ACTIVE_COMPILATION_CONDITIONS = DEBUG;
				SWIFT_OPTIMIZATION_LEVEL = "-Onone";
			};
			name = Debug;
		};
		B66134AA1E5E695C00C52BCA /* Release */ = {
			isa = XCBuildConfiguration;
			buildSettings = {
				ALWAYS_SEARCH_USER_PATHS = NO;
				CLANG_ANALYZER_NONNULL = YES;
				CLANG_CXX_LANGUAGE_STANDARD = "gnu++0x";
				CLANG_CXX_LIBRARY = "libc++";
				CLANG_ENABLE_MODULES = YES;
				CLANG_ENABLE_OBJC_ARC = YES;
				CLANG_WARN_BOOL_CONVERSION = YES;
				CLANG_WARN_CONSTANT_CONVERSION = YES;
				CLANG_WARN_DIRECT_OBJC_ISA_USAGE = YES_ERROR;
				CLANG_WARN_DOCUMENTATION_COMMENTS = YES;
				CLANG_WARN_EMPTY_BODY = YES;
				CLANG_WARN_ENUM_CONVERSION = YES;
				CLANG_WARN_INFINITE_RECURSION = YES;
				CLANG_WARN_INT_CONVERSION = YES;
				CLANG_WARN_OBJC_ROOT_CLASS = YES_ERROR;
				CLANG_WARN_SUSPICIOUS_MOVE = YES;
				CLANG_WARN_UNREACHABLE_CODE = YES;
				CLANG_WARN__DUPLICATE_METHOD_MATCH = YES;
				"CODE_SIGN_IDENTITY[sdk=iphoneos*]" = "iPhone Developer";
				COPY_PHASE_STRIP = NO;
				DEBUG_INFORMATION_FORMAT = "dwarf-with-dsym";
				ENABLE_NS_ASSERTIONS = NO;
				ENABLE_STRICT_OBJC_MSGSEND = YES;
				GCC_C_LANGUAGE_STANDARD = gnu99;
				GCC_NO_COMMON_BLOCKS = YES;
				GCC_WARN_64_TO_32_BIT_CONVERSION = YES;
				GCC_WARN_ABOUT_RETURN_TYPE = YES_ERROR;
				GCC_WARN_UNDECLARED_SELECTOR = YES;
				GCC_WARN_UNINITIALIZED_AUTOS = YES_AGGRESSIVE;
				GCC_WARN_UNUSED_FUNCTION = YES;
				GCC_WARN_UNUSED_VARIABLE = YES;
				IPHONEOS_DEPLOYMENT_TARGET = 10.2;
				MTL_ENABLE_DEBUG_INFO = NO;
				SDKROOT = iphoneos;
				SWIFT_OPTIMIZATION_LEVEL = "-Owholemodule";
				VALIDATE_PRODUCT = YES;
			};
			name = Release;
		};
		B66134AC1E5E695C00C52BCA /* Debug */ = {
			isa = XCBuildConfiguration;
			baseConfigurationReference = 37DE611AF4287E0C99CA3DD4 /* Pods-teste_ios.debug.xcconfig */;
			buildSettings = {
				ASSETCATALOG_COMPILER_APPICON_NAME = AppIcon;
				CLANG_ENABLE_MODULES = YES;
				DEVELOPMENT_TEAM = V7CGV4HW42;
				INFOPLIST_FILE = teste_ios/Info.plist;
				LD_RUNPATH_SEARCH_PATHS = "$(inherited) @executable_path/Frameworks";
				LIBRARY_SEARCH_PATHS = "";
				PRODUCT_BUNDLE_IDENTIFIER = "br.com.frednovack.teste-ios";
				PRODUCT_NAME = "$(TARGET_NAME)";
				SWIFT_OBJC_BRIDGING_HEADER = "teste_ios-Bridging-Header.h";
				SWIFT_OPTIMIZATION_LEVEL = "-Onone";
				SWIFT_VERSION = 3.0;
			};
			name = Debug;
		};
		B66134AD1E5E695C00C52BCA /* Release */ = {
			isa = XCBuildConfiguration;
			baseConfigurationReference = 47D04A1481D0BAAF7A8C1F29 /* Pods-teste_ios.release.xcconfig */;
			buildSettings = {
				ASSETCATALOG_COMPILER_APPICON_NAME = AppIcon;
				CLANG_ENABLE_MODULES = YES;
				DEVELOPMENT_TEAM = V7CGV4HW42;
				INFOPLIST_FILE = teste_ios/Info.plist;
				LD_RUNPATH_SEARCH_PATHS = "$(inherited) @executable_path/Frameworks";
				LIBRARY_SEARCH_PATHS = "";
				PRODUCT_BUNDLE_IDENTIFIER = "br.com.frednovack.teste-ios";
				PRODUCT_NAME = "$(TARGET_NAME)";
				SWIFT_OBJC_BRIDGING_HEADER = "teste_ios-Bridging-Header.h";
				SWIFT_VERSION = 3.0;
			};
			name = Release;
		};
/* End XCBuildConfiguration section */

/* Begin XCConfigurationList section */
		B66134921E5E695B00C52BCA /* Build configuration list for PBXProject "teste_ios" */ = {
			isa = XCConfigurationList;
			buildConfigurations = (
				B66134A91E5E695C00C52BCA /* Debug */,
				B66134AA1E5E695C00C52BCA /* Release */,
			);
			defaultConfigurationIsVisible = 0;
			defaultConfigurationName = Release;
		};
		B66134AB1E5E695C00C52BCA /* Build configuration list for PBXNativeTarget "teste_ios" */ = {
			isa = XCConfigurationList;
			buildConfigurations = (
				B66134AC1E5E695C00C52BCA /* Debug */,
				B66134AD1E5E695C00C52BCA /* Release */,
			);
			defaultConfigurationIsVisible = 0;
			defaultConfigurationName = Release;
		};
/* End XCConfigurationList section */
	};
	rootObject = B661348F1E5E695B00C52BCA /* Project object */;
}
